Microsoft Visual Studio Solution File, Format Version 12.00
# Visual Studio 14
VisualStudioVersion = 14.0.23107.0
MinimumVisualStudioVersion = 10.0.40219.1
Project("{8BC9CEB8-8B4A-11D0-8D11-00A0C91BC942}") = "base", "base\base.vcxproj", "{8531C627-6452-48A0-B4A8-40CCCC6376E1}"
EndProject
Project("{2150E333-8FDC-42A3-9474-1A3956D46DE8}") = "Solution Items", "Solution Items", "{51BAC044-429A-4590-A6AA-48BBD99E3CD5}"
	ProjectSection(SolutionItems) = preProject
		src\avatar.h = src\avatar.h
		src\chunk.cpp = src\chunk.cpp
		src\chunk.h = src\chunk.h
		src\cube.h = src\cube.h
		run\shaders\psbase.glsl = run\shaders\psbase.glsl
		run\shaders\postprocess\pshader.glsl = run\shaders\postprocess\pshader.glsl
		run\shaders\pshader.glsl = run\shaders\pshader.glsl
		run\shaders\vsbase.glsl = run\shaders\vsbase.glsl
		src\world.h = src\world.h
	EndProjectSection
EndProject
Global
	GlobalSection(SolutionConfigurationPlatforms) = preSolution
		Debug|Win32 = Debug|Win32
		Release|Win32 = Release|Win32
	EndGlobalSection
	GlobalSection(ProjectConfigurationPlatforms) = postSolution
		{8531C627-6452-48A0-B4A8-40CCCC6376E1}.Debug|Win32.ActiveCfg = Debug|Win32
		{8531C627-6452-48A0-B4A8-40CCCC6376E1}.Debug|Win32.Build.0 = Debug|Win32
		{8531C627-6452-48A0-B4A8-40CCCC6376E1}.Release|Win32.ActiveCfg = Release|Win32
		{8531C627-6452-48A0-B4A8-40CCCC6376E1}.Release|Win32.Build.0 = Release|Win32
	EndGlobalSection
	GlobalSection(SolutionProperties) = preSolution
		HideSolutionNode = FALSE
	EndGlobalSection
EndGlobal
